
Microsoft Visual Studio Solution File, Format Version 12.00
# Visual Studio Version 17
VisualStudioVersion = 17.0.32112.339
MinimumVisualStudioVersion = 10.0.40219.1
Project("{FAE04EC0-301F-11D3-BF4B-00C04F79EFBC}") = "converterFahrenheitCelsius", "converterFahrenheitCelsius\converterFahrenheitCelsius.csproj", "{77D68247-3067-482A-851B-66AC191AAA5E}"
EndProject
Global
	GlobalSection(SolutionConfigurationPlatforms) = preSolution
		Debug|Any CPU = Debug|Any CPU
		Release|Any CPU = Release|Any CPU
	EndGlobalSection
	GlobalSection(ProjectConfigurationPlatforms) = postSolution
		{77D68247-3067-482A-851B-66AC191AAA5E}.Debug|Any CPU.ActiveCfg = Debug|Any CPU
		{77D68247-3067-482A-851B-66AC191AAA5E}.Debug|Any CPU.Build.0 = Debug|Any CPU
		{77D68247-3067-482A-851B-66AC191AAA5E}.Release|Any CPU.ActiveCfg = Release|Any CPU
		{77D68247-3067-482A-851B-66AC191AAA5E}.Release|Any CPU.Build.0 = Release|Any CPU
	EndGlobalSection
	GlobalSection(SolutionProperties) = preSolution
		HideSolutionNode = FALSE
	EndGlobalSection
	GlobalSection(ExtensibilityGlobals) = postSolution
		SolutionGuid = {9445877A-82DD-4DBB-B495-2DEB080735EC}
	EndGlobalSection
EndGlobal
